// !$*UTF8*$!
{
	archiveVersion = 1;
	classes = {
	};
	objectVersion = 50;
	objects = {

/* Begin PBXBuildFile section */
		8B09DEC8253A446E00C93D98 /* AppDelegate.swift in Sources */ = {isa = PBXBuildFile; fileRef = 8B09DEC7253A446E00C93D98 /* AppDelegate.swift */; };
		8B09DECA253A446E00C93D98 /* SceneDelegate.swift in Sources */ = {isa = PBXBuildFile; fileRef = 8B09DEC9253A446E00C93D98 /* SceneDelegate.swift */; };
		8B09DECC253A446E00C93D98 /* ViewController.swift in Sources */ = {isa = PBXBuildFile; fileRef = 8B09DECB253A446E00C93D98 /* ViewController.swift */; };
		8B09DECF253A446E00C93D98 /* Main.storyboard in Resources */ = {isa = PBXBuildFile; fileRef = 8B09DECD253A446E00C93D98 /* Main.storyboard */; };
		8B09DED1253A446F00C93D98 /* Assets.xcassets in Resources */ = {isa = PBXBuildFile; fileRef = 8B09DED0253A446F00C93D98 /* Assets.xcassets */; };
		8B09DED4253A446F00C93D98 /* LaunchScreen.storyboard in Resources */ = {isa = PBXBuildFile; fileRef = 8B09DED2253A446F00C93D98 /* LaunchScreen.storyboard */; };
		8B09DEDF253A447000C93D98 /* SocialMediaCloneTests.swift in Sources */ = {isa = PBXBuildFile; fileRef = 8B09DEDE253A447000C93D98 /* SocialMediaCloneTests.swift */; };
		8B09DEEA253A447000C93D98 /* SocialMediaCloneUITests.swift in Sources */ = {isa = PBXBuildFile; fileRef = 8B09DEE9253A447000C93D98 /* SocialMediaCloneUITests.swift */; };
/* End PBXBuildFile section */

/* Begin PBXContainerItemProxy section */
		8B09DEDB253A447000C93D98 /* PBXContainerItemProxy */ = {
			isa = PBXContainerItemProxy;
			containerPortal = 8B09DEBC253A446E00C93D98 /* Project object */;
			proxyType = 1;
			remoteGlobalIDString = 8B09DEC3253A446E00C93D98;
			remoteInfo = SocialMediaClone;
		};
		8B09DEE6253A447000C93D98 /* PBXContainerItemProxy */ = {
			isa = PBXContainerItemProxy;
			containerPortal = 8B09DEBC253A446E00C93D98 /* Project object */;
			proxyType = 1;
			remoteGlobalIDString = 8B09DEC3253A446E00C93D98;
			remoteInfo = SocialMediaClone;
		};
/* End PBXContainerItemProxy section */

/* Begin PBXFileReference section */
		8B09DEC4253A446E00C93D98 /* SocialMediaClone.app */ = {isa = PBXFileReference; explicitFileType = wrapper.application; includeInIndex = 0; path = SocialMediaClone.app; sourceTree = BUILT_PRODUCTS_DIR; };
		8B09DEC7253A446E00C93D98 /* AppDelegate.swift */ = {isa = PBXFileReference; lastKnownFileType = sourcecode.swift; path = AppDelegate.swift; sourceTree = "<group>"; };
		8B09DEC9253A446E00C93D98 /* SceneDelegate.swift */ = {isa = PBXFileReference; lastKnownFileType = sourcecode.swift; path = SceneDelegate.swift; sourceTree = "<group>"; };
		8B09DECB253A446E00C93D98 /* ViewController.swift */ = {isa = PBXFileReference; lastKnownFileType = sourcecode.swift; path = ViewController.swift; sourceTree = "<group>"; };
		8B09DECE253A446E00C93D98 /* Base */ = {isa = PBXFileReference; lastKnownFileType = file.storyboard; name = Base; path = Base.lproj/Main.storyboard; sourceTree = "<group>"; };
		8B09DED0253A446F00C93D98 /* Assets.xcassets */ = {isa = PBXFileReference; lastKnownFileType = folder.assetcatalog; path = Assets.xcassets; sourceTree = "<group>"; };
		8B09DED3253A446F00C93D98 /* Base */ = {isa = PBXFileReference; lastKnownFileType = file.storyboard; name = Base; path = Base.lproj/LaunchScreen.storyboard; sourceTree = "<group>"; };
		8B09DED5253A446F00C93D98 /* Info.plist */ = {isa = PBXFileReference; lastKnownFileType = text.plist.xml; path = Info.plist; sourceTree = "<group>"; };
		8B09DEDA253A447000C93D98 /* SocialMediaCloneTests.xctest */ = {isa = PBXFileReference; explicitFileType = wrapper.cfbundle; includeInIndex = 0; path = SocialMediaCloneTests.xctest; sourceTree = BUILT_PRODUCTS_DIR; };
		8B09DEDE253A447000C93D98 /* SocialMediaCloneTests.swift */ = {isa = PBXFileReference; lastKnownFileType = sourcecode.swift; path = SocialMediaCloneTests.swift; sourceTree = "<group>"; };
		8B09DEE0253A447000C93D98 /* Info.plist */ = {isa = PBXFileReference; lastKnownFileType = text.plist.xml; path = Info.plist; sourceTree = "<group>"; };
		8B09DEE5253A447000C93D98 /* SocialMediaCloneUITests.xctest */ = {isa = PBXFileReference; explicitFileType = wrapper.cfbundle; includeInIndex = 0; path = SocialMediaCloneUITests.xctest; sourceTree = BUILT_PRODUCTS_DIR; };
		8B09DEE9253A447000C93D98 /* SocialMediaCloneUITests.swift */ = {isa = PBXFileReference; lastKnownFileType = sourcecode.swift; path = SocialMediaCloneUITests.swift; sourceTree = "<group>"; };
		8B09DEEB253A447000C93D98 /* Info.plist */ = {isa = PBXFileReference; lastKnownFileType = text.plist.xml; path = Info.plist; sourceTree = "<group>"; };
/* End PBXFileReference section */

/* Begin PBXFrameworksBuildPhase section */
		8B09DEC1253A446E00C93D98 /* Frameworks */ = {
			isa = PBXFrameworksBuildPhase;
			buildActionMask = 2147483647;
			files = (
			);
			runOnlyForDeploymentPostprocessing = 0;
		};
		8B09DED7253A447000C93D98 /* Frameworks */ = {
			isa = PBXFrameworksBuildPhase;
			buildActionMask = 2147483647;
			files = (
			);
			runOnlyForDeploymentPostprocessing = 0;
		};
		8B09DEE2253A447000C93D98 /* Frameworks */ = {
			isa = PBXFrameworksBuildPhase;
			buildActionMask = 2147483647;
			files = (
			);
			runOnlyForDeploymentPostprocessing = 0;
		};
/* End PBXFrameworksBuildPhase section */

/* Begin PBXGroup section */
		8B09DEBB253A446E00C93D98 = {
			isa = PBXGroup;
			children = (
				8B09DEC6253A446E00C93D98 /* SocialMediaClone */,
				8B09DEDD253A447000C93D98 /* SocialMediaCloneTests */,
				8B09DEE8253A447000C93D98 /* SocialMediaCloneUITests */,
				8B09DEC5253A446E00C93D98 /* Products */,
			);
			sourceTree = "<group>";
		};
		8B09DEC5253A446E00C93D98 /* Products */ = {
			isa = PBXGroup;
			children = (
				8B09DEC4253A446E00C93D98 /* SocialMediaClone.app */,
				8B09DEDA253A447000C93D98 /* SocialMediaCloneTests.xctest */,
				8B09DEE5253A447000C93D98 /* SocialMediaCloneUITests.xctest */,
			);
			name = Products;
			sourceTree = "<group>";
		};
		8B09DEC6253A446E00C93D98 /* SocialMediaClone */ = {
			isa = PBXGroup;
			children = (
				8B09DEC7253A446E00C93D98 /* AppDelegate.swift */,
				8B09DEC9253A446E00C93D98 /* SceneDelegate.swift */,
				8B09DECB253A446E00C93D98 /* ViewController.swift */,
				8B09DECD253A446E00C93D98 /* Main.storyboard */,
				8B09DED0253A446F00C93D98 /* Assets.xcassets */,
				8B09DED2253A446F00C93D98 /* LaunchScreen.storyboard */,
				8B09DED5253A446F00C93D98 /* Info.plist */,
			);
			path = SocialMediaClone;
			sourceTree = "<group>";
		};
		8B09DEDD253A447000C93D98 /* SocialMediaCloneTests */ = {
			isa = PBXGroup;
			children = (
				8B09DEDE253A447000C93D98 /* SocialMediaCloneTests.swift */,
				8B09DEE0253A447000C93D98 /* Info.plist */,
			);
			path = SocialMediaCloneTests;
			sourceTree = "<group>";
		};
		8B09DEE8253A447000C93D98 /* SocialMediaCloneUITests */ = {
			isa = PBXGroup;
			children = (
				8B09DEE9253A447000C93D98 /* SocialMediaCloneUITests.swift */,
				8B09DEEB253A447000C93D98 /* Info.plist */,
			);
			path = SocialMediaCloneUITests;
			sourceTree = "<group>";
		};
/* End PBXGroup section */

/* Begin PBXNativeTarget section */
		8B09DEC3253A446E00C93D98 /* SocialMediaClone */ = {
			isa = PBXNativeTarget;
			buildConfigurationList = 8B09DEEE253A447000C93D98 /* Build configuration list for PBXNativeTarget "SocialMediaClone" */;
			buildPhases = (
				8B09DEC0253A446E00C93D98 /* Sources */,
				8B09DEC1253A446E00C93D98 /* Frameworks */,
				8B09DEC2253A446E00C93D98 /* Resources */,
			);
			buildRules = (
			);
			dependencies = (
			);
			name = SocialMediaClone;
			productName = SocialMediaClone;
			productReference = 8B09DEC4253A446E00C93D98 /* SocialMediaClone.app */;
			productType = "com.apple.product-type.application";
		};
		8B09DED9253A447000C93D98 /* SocialMediaCloneTests */ = {
			isa = PBXNativeTarget;
			buildConfigurationList = 8B09DEF1253A447000C93D98 /* Build configuration list for PBXNativeTarget "SocialMediaCloneTests" */;
			buildPhases = (
				8B09DED6253A447000C93D98 /* Sources */,
				8B09DED7253A447000C93D98 /* Frameworks */,
				8B09DED8253A447000C93D98 /* Resources */,
			);
			buildRules = (
			);
			dependencies = (
				8B09DEDC253A447000C93D98 /* PBXTargetDependency */,
			);
			name = SocialMediaCloneTests;
			productName = SocialMediaCloneTests;
			productReference = 8B09DEDA253A447000C93D98 /* SocialMediaCloneTests.xctest */;
			productType = "com.apple.product-type.bundle.unit-test";
		};
		8B09DEE4253A447000C93D98 /* SocialMediaCloneUITests */ = {
			isa = PBXNativeTarget;
			buildConfigurationList = 8B09DEF4253A447000C93D98 /* Build configuration list for PBXNativeTarget "SocialMediaCloneUITests" */;
			buildPhases = (
				8B09DEE1253A447000C93D98 /* Sources */,
				8B09DEE2253A447000C93D98 /* Frameworks */,
				8B09DEE3253A447000C93D98 /* Resources */,
			);
			buildRules = (
			);
			dependencies = (
				8B09DEE7253A447000C93D98 /* PBXTargetDependency */,
			);
			name = SocialMediaCloneUITests;
			productName = SocialMediaCloneUITests;
			productReference = 8B09DEE5253A447000C93D98 /* SocialMediaCloneUITests.xctest */;
			productType = "com.apple.product-type.bundle.ui-testing";
		};
/* End PBXNativeTarget section */

/* Begin PBXProject section */
		8B09DEBC253A446E00C93D98 /* Project object */ = {
			isa = PBXProject;
			attributes = {
				LastSwiftUpdateCheck = 1210;
				LastUpgradeCheck = 1210;
				TargetAttributes = {
					8B09DEC3253A446E00C93D98 = {
						CreatedOnToolsVersion = 12.1;
					};
					8B09DED9253A447000C93D98 = {
						CreatedOnToolsVersion = 12.1;
						TestTargetID = 8B09DEC3253A446E00C93D98;
					};
					8B09DEE4253A447000C93D98 = {
						CreatedOnToolsVersion = 12.1;
						TestTargetID = 8B09DEC3253A446E00C93D98;
					};
				};
			};
			buildConfigurationList = 8B09DEBF253A446E00C93D98 /* Build configuration list for PBXProject "SocialMediaClone" */;
			compatibilityVersion = "Xcode 9.3";
			developmentRegion = en;
			hasScannedForEncodings = 0;
			knownRegions = (
				en,
				Base,
			);
			mainGroup = 8B09DEBB253A446E00C93D98;
			productRefGroup = 8B09DEC5253A446E00C93D98 /* Products */;
			projectDirPath = "";
			projectRoot = "";
			targets = (
				8B09DEC3253A446E00C93D98 /* SocialMediaClone */,
				8B09DED9253A447000C93D98 /* SocialMediaCloneTests */,
				8B09DEE4253A447000C93D98 /* SocialMediaCloneUITests */,
			);
		};
/* End PBXProject section */

/* Begin PBXResourcesBuildPhase section */
		8B09DEC2253A446E00C93D98 /* Resources */ = {
			isa = PBXResourcesBuildPhase;
			buildActionMask = 2147483647;
			files = (
				8B09DED4253A446F00C93D98 /* LaunchScreen.storyboard in Resources */,
				8B09DED1253A446F00C93D98 /* Assets.xcassets in Resources */,
				8B09DECF253A446E00C93D98 /* Main.storyboard in Resources */,
			);
			runOnlyForDeploymentPostprocessing = 0;
		};
		8B09DED8253A447000C93D98 /* Resources */ = {
			isa = PBXResourcesBuildPhase;
			buildActionMask = 2147483647;
			files = (
			);
			runOnlyForDeploymentPostprocessing = 0;
		};
		8B09DEE3253A447000C93D98 /* Resources */ = {
			isa = PBXResourcesBuildPhase;
			buildActionMask = 2147483647;
			files = (
			);
			runOnlyForDeploymentPostprocessing = 0;
		};
/* End PBXResourcesBuildPhase section */

/* Begin PBXSourcesBuildPhase section */
		8B09DEC0253A446E00C93D98 /* Sources */ = {
			isa = PBXSourcesBuildPhase;
			buildActionMask = 2147483647;
			files = (
				8B09DECC253A446E00C93D98 /* ViewController.swift in Sources */,
				8B09DEC8253A446E00C93D98 /* AppDelegate.swift in Sources */,
				8B09DECA253A446E00C93D98 /* SceneDelegate.swift in Sources */,
			);
			runOnlyForDeploymentPostprocessing = 0;
		};
		8B09DED6253A447000C93D98 /* Sources */ = {
			isa = PBXSourcesBuildPhase;
			buildActionMask = 2147483647;
			files = (
				8B09DEDF253A447000C93D98 /* SocialMediaCloneTests.swift in Sources */,
			);
			runOnlyForDeploymentPostprocessing = 0;
		};
		8B09DEE1253A447000C93D98 /* Sources */ = {
			isa = PBXSourcesBuildPhase;
			buildActionMask = 2147483647;
			files = (
				8B09DEEA253A447000C93D98 /* SocialMediaCloneUITests.swift in Sources */,
			);
			runOnlyForDeploymentPostprocessing = 0;
		};
/* End PBXSourcesBuildPhase section */

/* Begin PBXTargetDependency section */
		8B09DEDC253A447000C93D98 /* PBXTargetDependency */ = {
			isa = PBXTargetDependency;
			target = 8B09DEC3253A446E00C93D98 /* SocialMediaClone */;
			targetProxy = 8B09DEDB253A447000C93D98 /* PBXContainerItemProxy */;
		};
		8B09DEE7253A447000C93D98 /* PBXTargetDependency */ = {
			isa = PBXTargetDependency;
			target = 8B09DEC3253A446E00C93D98 /* SocialMediaClone */;
			targetProxy = 8B09DEE6253A447000C93D98 /* PBXContainerItemProxy */;
		};
/* End PBXTargetDependency section */

/* Begin PBXVariantGroup section */
		8B09DECD253A446E00C93D98 /* Main.storyboard */ = {
			isa = PBXVariantGroup;
			children = (
				8B09DECE253A446E00C93D98 /* Base */,
			);
			name = Main.storyboard;
			sourceTree = "<group>";
		};
		8B09DED2253A446F00C93D98 /* LaunchScreen.storyboard */ = {
			isa = PBXVariantGroup;
			children = (
				8B09DED3253A446F00C93D98 /* Base */,
			);
			name = LaunchScreen.storyboard;
			sourceTree = "<group>";
		};
/* End PBXVariantGroup section */

/* Begin XCBuildConfiguration section */
		8B09DEEC253A447000C93D98 /* Debug */ = {
			isa = XCBuildConfiguration;
			buildSettings = {
				ALWAYS_SEARCH_USER_PATHS = NO;
				CLANG_ANALYZER_NONNULL = YES;
				CLANG_ANALYZER_NUMBER_OBJECT_CONVERSION = YES_AGGRESSIVE;
				CLANG_CXX_LANGUAGE_STANDARD = "gnu++14";
				CLANG_CXX_LIBRARY = "libc++";
				CLANG_ENABLE_MODULES = YES;
				CLANG_ENABLE_OBJC_ARC = YES;
				CLANG_ENABLE_OBJC_WEAK = YES;
				CLANG_WARN_BLOCK_CAPTURE_AUTORELEASING = YES;
				CLANG_WARN_BOOL_CONVERSION = YES;
				CLANG_WARN_COMMA = YES;
				CLANG_WARN_CONSTANT_CONVERSION = YES;
				CLANG_WARN_DEPRECATED_OBJC_IMPLEMENTATIONS = YES;
				CLANG_WARN_DIRECT_OBJC_ISA_USAGE = YES_ERROR;
				CLANG_WARN_DOCUMENTATION_COMMENTS = YES;
				CLANG_WARN_EMPTY_BODY = YES;
				CLANG_WARN_ENUM_CONVERSION = YES;
				CLANG_WARN_INFINITE_RECURSION = YES;
				CLANG_WARN_INT_CONVERSION = YES;
				CLANG_WARN_NON_LITERAL_NULL_CONVERSION = YES;
				CLANG_WARN_OBJC_IMPLICIT_RETAIN_SELF = YES;
				CLANG_WARN_OBJC_LITERAL_CONVERSION = YES;
				CLANG_WARN_OBJC_ROOT_CLASS = YES_ERROR;
				CLANG_WARN_QUOTED_INCLUDE_IN_FRAMEWORK_HEADER = YES;
				CLANG_WARN_RANGE_LOOP_ANALYSIS = YES;
				CLANG_WARN_STRICT_PROTOTYPES = YES;
				CLANG_WARN_SUSPICIOUS_MOVE = YES;
				CLANG_WARN_UNGUARDED_AVAILABILITY = YES_AGGRESSIVE;
				CLANG_WARN_UNREACHABLE_CODE = YES;
				CLANG_WARN__DUPLICATE_METHOD_MATCH = YES;
				COPY_PHASE_STRIP = NO;
				DEBUG_INFORMATION_FORMAT = dwarf;
				ENABLE_STRICT_OBJC_MSGSEND = YES;
				ENABLE_TESTABILITY = YES;
				GCC_C_LANGUAGE_STANDARD = gnu11;
				GCC_DYNAMIC_NO_PIC = NO;
				GCC_NO_COMMON_BLOCKS = YES;
				GCC_OPTIMIZATION_LEVEL = 0;
				GCC_PREPROCESSOR_DEFINITIONS = (
					"DEBUG=1",
					"$(inherited)",
				);
				GCC_WARN_64_TO_32_BIT_CONVERSION = YES;
				GCC_WARN_ABOUT_RETURN_TYPE = YES_ERROR;
				GCC_WARN_UNDECLARED_SELECTOR = YES;
				GCC_WARN_UNINITIALIZED_AUTOS = YES_AGGRESSIVE;
				GCC_WARN_UNUSED_FUNCTION = YES;
				GCC_WARN_UNUSED_VARIABLE = YES;
				IPHONEOS_DEPLOYMENT_TARGET = 14.1;
				MTL_ENABLE_DEBUG_INFO = INCLUDE_SOURCE;
				MTL_FAST_MATH = YES;
				ONLY_ACTIVE_ARCH = YES;
				SDKROOT = iphoneos;
				SWIFT_ACTIVE_COMPILATION_CONDITIONS = DEBUG;
				SWIFT_OPTIMIZATION_LEVEL = "-Onone";
			};
			name = Debug;
		};
		8B09DEED253A447000C93D98 /* Release */ = {
			isa = XCBuildConfiguration;
			buildSettings = {
				ALWAYS_SEARCH_USER_PATHS = NO;
				CLANG_ANALYZER_NONNULL = YES;
				CLANG_ANALYZER_NUMBER_OBJECT_CONVERSION = YES_AGGRESSIVE;
				CLANG_CXX_LANGUAGE_STANDARD = "gnu++14";
				CLANG_CXX_LIBRARY = "libc++";
				CLANG_ENABLE_MODULES = YES;
				CLANG_ENABLE_OBJC_ARC = YES;
				CLANG_ENABLE_OBJC_WEAK = YES;
				CLANG_WARN_BLOCK_CAPTURE_AUTORELEASING = YES;
				CLANG_WARN_BOOL_CONVERSION = YES;
				CLANG_WARN_COMMA = YES;
				CLANG_WARN_CONSTANT_CONVERSION = YES;
				CLANG_WARN_DEPRECATED_OBJC_IMPLEMENTATIONS = YES;
				CLANG_WARN_DIRECT_OBJC_ISA_USAGE = YES_ERROR;
				CLANG_WARN_DOCUMENTATION_COMMENTS = YES;
				CLANG_WARN_EMPTY_BODY = YES;
				CLANG_WARN_ENUM_CONVERSION = YES;
				CLANG_WARN_INFINITE_RECURSION = YES;
				CLANG_WARN_INT_CONVERSION = YES;
				CLANG_WARN_NON_LITERAL_NULL_CONVERSION = YES;
				CLANG_WARN_OBJC_IMPLICIT_RETAIN_SELF = YES;
				CLANG_WARN_OBJC_LITERAL_CONVERSION = YES;
				CLANG_WARN_OBJC_ROOT_CLASS = YES_ERROR;
				CLANG_WARN_QUOTED_INCLUDE_IN_FRAMEWORK_HEADER = YES;
				CLANG_WARN_RANGE_LOOP_ANALYSIS = YES;
				CLANG_WARN_STRICT_PROTOTYPES = YES;
				CLANG_WARN_SUSPICIOUS_MOVE = YES;
				CLANG_WARN_UNGUARDED_AVAILABILITY = YES_AGGRESSIVE;
				CLANG_WARN_UNREACHABLE_CODE = YES;
				CLANG_WARN__DUPLICATE_METHOD_MATCH = YES;
				COPY_PHASE_STRIP = NO;
				DEBUG_INFORMATION_FORMAT = "dwarf-with-dsym";
				ENABLE_NS_ASSERTIONS = NO;
				ENABLE_STRICT_OBJC_MSGSEND = YES;
				GCC_C_LANGUAGE_STANDARD = gnu11;
				GCC_NO_COMMON_BLOCKS = YES;
				GCC_WARN_64_TO_32_BIT_CONVERSION = YES;
				GCC_WARN_ABOUT_RETURN_TYPE = YES_ERROR;
				GCC_WARN_UNDECLARED_SELECTOR = YES;
				GCC_WARN_UNINITIALIZED_AUTOS = YES_AGGRESSIVE;
				GCC_WARN_UNUSED_FUNCTION = YES;
				GCC_WARN_UNUSED_VARIABLE = YES;
				IPHONEOS_DEPLOYMENT_TARGET = 14.1;
				MTL_ENABLE_DEBUG_INFO = NO;
				MTL_FAST_MATH = YES;
				SDKROOT = iphoneos;
				SWIFT_COMPILATION_MODE = wholemodule;
				SWIFT_OPTIMIZATION_LEVEL = "-O";
				VALIDATE_PRODUCT = YES;
			};
			name = Release;
		};
		8B09DEEF253A447000C93D98 /* Debug */ = {
			isa = XCBuildConfiguration;
			buildSettings = {
				ASSETCATALOG_COMPILER_APPICON_NAME = AppIcon;
				ASSETCATALOG_COMPILER_GLOBAL_ACCENT_COLOR_NAME = AccentColor;
				CODE_SIGN_STYLE = Automatic;
				DEVELOPMENT_TEAM = X2A3RDFR7B;
				INFOPLIST_FILE = SocialMediaClone/Info.plist;
				LD_RUNPATH_SEARCH_PATHS = (
					"$(inherited)",
					"@executable_path/Frameworks",
				);
				PRODUCT_BUNDLE_IDENTIFIER = com.rileypeel.SocialMediaClone;
				PRODUCT_NAME = "$(TARGET_NAME)";
				SWIFT_VERSION = 5.0;
				TARGETED_DEVICE_FAMILY = "1,2";
			};
			name = Debug;
		};
		8B09DEF0253A447000C93D98 /* Release */ = {
			isa = XCBuildConfiguration;
			buildSettings = {
				ASSETCATALOG_COMPILER_APPICON_NAME = AppIcon;
				ASSETCATALOG_COMPILER_GLOBAL_ACCENT_COLOR_NAME = AccentColor;
				CODE_SIGN_STYLE = Automatic;
				DEVELOPMENT_TEAM = X2A3RDFR7B;
				INFOPLIST_FILE = SocialMediaClone/Info.plist;
				LD_RUNPATH_SEARCH_PATHS = (
					"$(inherited)",
					"@executable_path/Frameworks",
				);
				PRODUCT_BUNDLE_IDENTIFIER = com.rileypeel.SocialMediaClone;
				PRODUCT_NAME = "$(TARGET_NAME)";
				SWIFT_VERSION = 5.0;
				TARGETED_DEVICE_FAMILY = "1,2";
			};
			name = Release;
		};
		8B09DEF2253A447000C93D98 /* Debug */ = {
			isa = XCBuildConfiguration;
			buildSettings = {
				ALWAYS_EMBED_SWIFT_STANDARD_LIBRARIES = YES;
				BUNDLE_LOADER = "$(TEST_HOST)";
				CODE_SIGN_STYLE = Automatic;
				DEVELOPMENT_TEAM = X2A3RDFR7B;
				INFOPLIST_FILE = SocialMediaCloneTests/Info.plist;
				IPHONEOS_DEPLOYMENT_TARGET = 14.1;
				LD_RUNPATH_SEARCH_PATHS = (
					"$(inherited)",
					"@executable_path/Frameworks",
					"@loader_path/Frameworks",
				);
				PRODUCT_BUNDLE_IDENTIFIER = com.rileypeel.SocialMediaCloneTests;
				PRODUCT_NAME = "$(TARGET_NAME)";
				SWIFT_VERSION = 5.0;
				TARGETED_DEVICE_FAMILY = "1,2";
				TEST_HOST = "$(BUILT_PRODUCTS_DIR)/SocialMediaClone.app/SocialMediaClone";
			};
			name = Debug;
		};
		8B09DEF3253A447000C93D98 /* Release */ = {
			isa = XCBuildConfiguration;
			buildSettings = {
				ALWAYS_EMBED_SWIFT_STANDARD_LIBRARIES = YES;
				BUNDLE_LOADER = "$(TEST_HOST)";
				CODE_SIGN_STYLE = Automatic;
				DEVELOPMENT_TEAM = X2A3RDFR7B;
				INFOPLIST_FILE = SocialMediaCloneTests/Info.plist;
				IPHONEOS_DEPLOYMENT_TARGET = 14.1;
				LD_RUNPATH_SEARCH_PATHS = (
					"$(inherited)",
					"@executable_path/Frameworks",
					"@loader_path/Frameworks",
				);
				PRODUCT_BUNDLE_IDENTIFIER = com.rileypeel.SocialMediaCloneTests;
				PRODUCT_NAME = "$(TARGET_NAME)";
				SWIFT_VERSION = 5.0;
				TARGETED_DEVICE_FAMILY = "1,2";
				TEST_HOST = "$(BUILT_PRODUCTS_DIR)/SocialMediaClone.app/SocialMediaClone";
			};
			name = Release;
		};
		8B09DEF5253A447000C93D98 /* Debug */ = {
			isa = XCBuildConfiguration;
			buildSettings = {
				ALWAYS_EMBED_SWIFT_STANDARD_LIBRARIES = YES;
				CODE_SIGN_STYLE = Automatic;
				DEVELOPMENT_TEAM = X2A3RDFR7B;
				INFOPLIST_FILE = SocialMediaCloneUITests/Info.plist;
				LD_RUNPATH_SEARCH_PATHS = (
					"$(inherited)",
					"@executable_path/Frameworks",
					"@loader_path/Frameworks",
				);
				PRODUCT_BUNDLE_IDENTIFIER = com.rileypeel.SocialMediaCloneUITests;
				PRODUCT_NAME = "$(TARGET_NAME)";
				SWIFT_VERSION = 5.0;
				TARGETED_DEVICE_FAMILY = "1,2";
				TEST_TARGET_NAME = SocialMediaClone;
			};
			name = Debug;
		};
		8B09DEF6253A447000C93D98 /* Release */ = {
			isa = XCBuildConfiguration;
			buildSettings = {
				ALWAYS_EMBED_SWIFT_STANDARD_LIBRARIES = YES;
				CODE_SIGN_STYLE = Automatic;
				DEVELOPMENT_TEAM = X2A3RDFR7B;
				INFOPLIST_FILE = SocialMediaCloneUITests/Info.plist;
				LD_RUNPATH_SEARCH_PATHS = (
					"$(inherited)",
					"@executable_path/Frameworks",
					"@loader_path/Frameworks",
				);
				PRODUCT_BUNDLE_IDENTIFIER = com.rileypeel.SocialMediaCloneUITests;
				PRODUCT_NAME = "$(TARGET_NAME)";
				SWIFT_VERSION = 5.0;
				TARGETED_DEVICE_FAMILY = "1,2";
				TEST_TARGET_NAME = SocialMediaClone;
			};
			name = Release;
		};
/* End XCBuildConfiguration section */

/* Begin XCConfigurationList section */
		8B09DEBF253A446E00C93D98 /* Build configuration list for PBXProject "SocialMediaClone" */ = {
			isa = XCConfigurationList;
			buildConfigurations = (
				8B09DEEC253A447000C93D98 /* Debug */,
				8B09DEED253A447000C93D98 /* Release */,
			);
			defaultConfigurationIsVisible = 0;
			defaultConfigurationName = Release;
		};
		8B09DEEE253A447000C93D98 /* Build configuration list for PBXNativeTarget "SocialMediaClone" */ = {
			isa = XCConfigurationList;
			buildConfigurations = (
				8B09DEEF253A447000C93D98 /* Debug */,
				8B09DEF0253A447000C93D98 /* Release */,
			);
			defaultConfigurationIsVisible = 0;
			defaultConfigurationName = Release;
		};
		8B09DEF1253A447000C93D98 /* Build configuration list for PBXNativeTarget "SocialMediaCloneTests" */ = {
			isa = XCConfigurationList;
			buildConfigurations = (
				8B09DEF2253A447000C93D98 /* Debug */,
				8B09DEF3253A447000C93D98 /* Release */,
			);
			defaultConfigurationIsVisible = 0;
			defaultConfigurationName = Release;
		};
		8B09DEF4253A447000C93D98 /* Build configuration list for PBXNativeTarget "SocialMediaCloneUITests" */ = {
			isa = XCConfigurationList;
			buildConfigurations = (
				8B09DEF5253A447000C93D98 /* Debug */,
				8B09DEF6253A447000C93D98 /* Release */,
			);
			defaultConfigurationIsVisible = 0;
			defaultConfigurationName = Release;
		};
/* End XCConfigurationList section */
	};
	rootObject = 8B09DEBC253A446E00C93D98 /* Project object */;
}
